{
  "name": "play",
  "version": "1.0.0",
  "lockfileVersion": 3,
  "requires": true,
  "packages": {
    "": {
      "name": "play",
      "version": "1.0.0",
      "license": "ISC",
      "dependencies": {
        "@taskfolders/tk": "file:..",
        "@taskfolders/utils": "file:../../utils"
      }
    },
    "..": {
      "name": "@taskfolders/tk",
      "version": "0.0.4",
      "license": "MIT",
      "dependencies": {
        "@inquirer/prompts": "^4.1.0",
        "@taskfolders/utils": "^0.0.9",
        "yargs": "^17.7.2"
      },
      "bin": {
        "tk": "bin/tk"
      },
      "devDependencies": {
        "@types/bun": "^1.0.8",
        "@types/node": "^20.11.24",
        "@types/yargs": "^17.0.32",
        "esbuild": "^0.20.1",
        "memfs": "^4.7.7",
        "typescript": "^5.3.3",
        "vitest": "^1.3.1"
      }
    },
    "../../utils": {
      "name": "@taskfolders/utils",
      "version": "0.0.11",
      "license": "MIT",
      "dependencies": {
        "ansi-escapes": "^6.2.0",
        "date-fns": "^3.3.1",
        "source-map-support": "^0.5.21",
        "yaml": "^2.4.0"
      },
      "devDependencies": {
        "memfs": "^4.7.7"
      }
    },
    "node_modules/@taskfolders/tk": {
      "resolved": "..",
      "link": true
    },
    "node_modules/@taskfolders/utils": {
      "resolved": "../../utils",
      "link": true
    }
  }
}
